
Microsoft Visual Studio Solution File, Format Version 12.00
Project("{FAE04EC0-301F-11D3-BF4B-00C04F79EFBC}") = "Algodata", "Algodata\Algodata.csproj", "{C635CD04-08F3-4A98-A6E8-5E8ABD94A9A8}"
EndProject
Project("{FAE04EC0-301F-11D3-BF4B-00C04F79EFBC}") = "classexc-29-04", "classexc-29-04\classexc-29-04.csproj", "{76114892-8343-42C7-A2DC-5762F5E3E7BB}"
EndProject
Project("{FAE04EC0-301F-11D3-BF4B-00C04F79EFBC}") = "HelloWorld", "HelloWorld\HelloWorld.csproj", "{4D61C3C2-61D3-4AC8-A72A-5DF34AE9DF26}"
EndProject
Global
	GlobalSection(SolutionConfigurationPlatforms) = preSolution
		Debug|Any CPU = Debug|Any CPU
		Release|Any CPU = Release|Any CPU
	EndGlobalSection
	GlobalSection(ProjectConfigurationPlatforms) = postSolution
		{C635CD04-08F3-4A98-A6E8-5E8ABD94A9A8}.Debug|Any CPU.ActiveCfg = Debug|Any CPU
		{C635CD04-08F3-4A98-A6E8-5E8ABD94A9A8}.Debug|Any CPU.Build.0 = Debug|Any CPU
		{C635CD04-08F3-4A98-A6E8-5E8ABD94A9A8}.Release|Any CPU.ActiveCfg = Release|Any CPU
		{C635CD04-08F3-4A98-A6E8-5E8ABD94A9A8}.Release|Any CPU.Build.0 = Release|Any CPU
		{76114892-8343-42C7-A2DC-5762F5E3E7BB}.Debug|Any CPU.ActiveCfg = Debug|Any CPU
		{76114892-8343-42C7-A2DC-5762F5E3E7BB}.Debug|Any CPU.Build.0 = Debug|Any CPU
		{76114892-8343-42C7-A2DC-5762F5E3E7BB}.Release|Any CPU.ActiveCfg = Release|Any CPU
		{76114892-8343-42C7-A2DC-5762F5E3E7BB}.Release|Any CPU.Build.0 = Release|Any CPU
		{4D61C3C2-61D3-4AC8-A72A-5DF34AE9DF26}.Debug|Any CPU.ActiveCfg = Debug|Any CPU
		{4D61C3C2-61D3-4AC8-A72A-5DF34AE9DF26}.Debug|Any CPU.Build.0 = Debug|Any CPU
		{4D61C3C2-61D3-4AC8-A72A-5DF34AE9DF26}.Release|Any CPU.ActiveCfg = Release|Any CPU
		{4D61C3C2-61D3-4AC8-A72A-5DF34AE9DF26}.Release|Any CPU.Build.0 = Release|Any CPU
	EndGlobalSection
EndGlobal
